
Microsoft Visual Studio Solution File, Format Version 12.00
# Visual Studio 15
Project("{FAE04EC0-301F-11D3-BF4B-00C04F79EFBC}") = "Labb4CawehP.Android", "Labb4CawehP.Android\Labb4CawehP.Android.csproj", "{98C1A682-B8FF-4926-A530-7E35B5FD5F2C}"
EndProject
Project("{FAE04EC0-301F-11D3-BF4B-00C04F79EFBC}") = "Labb4CawehP.iOS", "Labb4CawehP.iOS\Labb4CawehP.iOS.csproj", "{6EB53A9D-6201-4246-AD46-4E4DCB8BBCE8}"
EndProject
Project("{FAE04EC0-301F-11D3-BF4B-00C04F79EFBC}") = "Labb4CawehP", "Labb4CawehP\Labb4CawehP.csproj", "{D3FCC8AB-DCCB-4B44-A8B2-2B5BDE44035F}"
EndProject
Global
	GlobalSection(SolutionConfigurationPlatforms) = preSolution
		Debug|Any CPU = Debug|Any CPU
		Release|Any CPU = Release|Any CPU
		Debug|iPhoneSimulator = Debug|iPhoneSimulator
		Release|iPhoneSimulator = Release|iPhoneSimulator
		Debug|iPhone = Debug|iPhone
		Release|iPhone = Release|iPhone
	EndGlobalSection
	GlobalSection(ProjectConfigurationPlatforms) = postSolution
		{98C1A682-B8FF-4926-A530-7E35B5FD5F2C}.Debug|Any CPU.ActiveCfg = Debug|Any CPU
		{98C1A682-B8FF-4926-A530-7E35B5FD5F2C}.Debug|Any CPU.Build.0 = Debug|Any CPU
		{98C1A682-B8FF-4926-A530-7E35B5FD5F2C}.Release|Any CPU.ActiveCfg = Release|Any CPU
		{98C1A682-B8FF-4926-A530-7E35B5FD5F2C}.Release|Any CPU.Build.0 = Release|Any CPU
		{98C1A682-B8FF-4926-A530-7E35B5FD5F2C}.Debug|iPhoneSimulator.ActiveCfg = Debug|Any CPU
		{98C1A682-B8FF-4926-A530-7E35B5FD5F2C}.Debug|iPhoneSimulator.Build.0 = Debug|Any CPU
		{98C1A682-B8FF-4926-A530-7E35B5FD5F2C}.Release|iPhoneSimulator.ActiveCfg = Release|Any CPU
		{98C1A682-B8FF-4926-A530-7E35B5FD5F2C}.Release|iPhoneSimulator.Build.0 = Release|Any CPU
		{98C1A682-B8FF-4926-A530-7E35B5FD5F2C}.Debug|iPhone.ActiveCfg = Debug|Any CPU
		{98C1A682-B8FF-4926-A530-7E35B5FD5F2C}.Debug|iPhone.Build.0 = Debug|Any CPU
		{98C1A682-B8FF-4926-A530-7E35B5FD5F2C}.Release|iPhone.ActiveCfg = Release|Any CPU
		{98C1A682-B8FF-4926-A530-7E35B5FD5F2C}.Release|iPhone.Build.0 = Release|Any CPU
		{6EB53A9D-6201-4246-AD46-4E4DCB8BBCE8}.Debug|Any CPU.ActiveCfg = Debug|iPhoneSimulator
		{6EB53A9D-6201-4246-AD46-4E4DCB8BBCE8}.Debug|Any CPU.Build.0 = Debug|iPhoneSimulator
		{6EB53A9D-6201-4246-AD46-4E4DCB8BBCE8}.Release|Any CPU.ActiveCfg = Release|iPhoneSimulator
		{6EB53A9D-6201-4246-AD46-4E4DCB8BBCE8}.Release|Any CPU.Build.0 = Release|iPhoneSimulator
		{6EB53A9D-6201-4246-AD46-4E4DCB8BBCE8}.Debug|iPhoneSimulator.ActiveCfg = Debug|iPhoneSimulator
		{6EB53A9D-6201-4246-AD46-4E4DCB8BBCE8}.Debug|iPhoneSimulator.Build.0 = Debug|iPhoneSimulator
		{6EB53A9D-6201-4246-AD46-4E4DCB8BBCE8}.Release|iPhoneSimulator.ActiveCfg = Release|iPhoneSimulator
		{6EB53A9D-6201-4246-AD46-4E4DCB8BBCE8}.Release|iPhoneSimulator.Build.0 = Release|iPhoneSimulator
		{6EB53A9D-6201-4246-AD46-4E4DCB8BBCE8}.Debug|iPhone.ActiveCfg = Debug|iPhone
		{6EB53A9D-6201-4246-AD46-4E4DCB8BBCE8}.Debug|iPhone.Build.0 = Debug|iPhone
		{6EB53A9D-6201-4246-AD46-4E4DCB8BBCE8}.Release|iPhone.ActiveCfg = Release|iPhone
		{6EB53A9D-6201-4246-AD46-4E4DCB8BBCE8}.Release|iPhone.Build.0 = Release|iPhone
		{D3FCC8AB-DCCB-4B44-A8B2-2B5BDE44035F}.Debug|Any CPU.ActiveCfg = Debug|Any CPU
		{D3FCC8AB-DCCB-4B44-A8B2-2B5BDE44035F}.Debug|Any CPU.Build.0 = Debug|Any CPU
		{D3FCC8AB-DCCB-4B44-A8B2-2B5BDE44035F}.Release|Any CPU.ActiveCfg = Release|Any CPU
		{D3FCC8AB-DCCB-4B44-A8B2-2B5BDE44035F}.Release|Any CPU.Build.0 = Release|Any CPU
		{D3FCC8AB-DCCB-4B44-A8B2-2B5BDE44035F}.Debug|iPhoneSimulator.ActiveCfg = Debug|Any CPU
		{D3FCC8AB-DCCB-4B44-A8B2-2B5BDE44035F}.Debug|iPhoneSimulator.Build.0 = Debug|Any CPU
		{D3FCC8AB-DCCB-4B44-A8B2-2B5BDE44035F}.Release|iPhoneSimulator.ActiveCfg = Release|Any CPU
		{D3FCC8AB-DCCB-4B44-A8B2-2B5BDE44035F}.Release|iPhoneSimulator.Build.0 = Release|Any CPU
		{D3FCC8AB-DCCB-4B44-A8B2-2B5BDE44035F}.Debug|iPhone.ActiveCfg = Debug|Any CPU
		{D3FCC8AB-DCCB-4B44-A8B2-2B5BDE44035F}.Debug|iPhone.Build.0 = Debug|Any CPU
		{D3FCC8AB-DCCB-4B44-A8B2-2B5BDE44035F}.Release|iPhone.ActiveCfg = Release|Any CPU
		{D3FCC8AB-DCCB-4B44-A8B2-2B5BDE44035F}.Release|iPhone.Build.0 = Release|Any CPU
	EndGlobalSection
EndGlobal
